
Microsoft Visual Studio Solution File, Format Version 12.00
# Visual Studio Version 16
VisualStudioVersion = 16.0.30907.101
MinimumVisualStudioVersion = 10.0.40219.1
Project("{FAE04EC0-301F-11D3-BF4B-00C04F79EFBC}") = "PageHandlingExample.UWP", "PageHandlingExample\PageHandlingExample.UWP\PageHandlingExample.UWP.csproj", "{D489084D-F6DE-4169-BAE7-0B28EA95DD61}"
EndProject
Project("{FAE04EC0-301F-11D3-BF4B-00C04F79EFBC}") = "PageHandlingExample.Android", "PageHandlingExample\PageHandlingExample.Android\PageHandlingExample.Android.csproj", "{A46ECCCA-B2B7-497C-915C-5D87AECB84DC}"
EndProject
Project("{FAE04EC0-301F-11D3-BF4B-00C04F79EFBC}") = "PageHandlingExample.iOS", "PageHandlingExample\PageHandlingExample.iOS\PageHandlingExample.iOS.csproj", "{6D53BEA1-309F-4E2C-B407-A3665F241012}"
EndProject
Project("{FAE04EC0-301F-11D3-BF4B-00C04F79EFBC}") = "PageHandlingExample", "PageHandlingExample\PageHandlingExample\PageHandlingExample.csproj", "{8016BEDB-7966-48BE-B473-9BA4A3D196BF}"
EndProject
Global
	GlobalSection(SolutionConfigurationPlatforms) = preSolution
		Debug|Any CPU = Debug|Any CPU
		Debug|ARM = Debug|ARM
		Debug|iPhone = Debug|iPhone
		Debug|iPhoneSimulator = Debug|iPhoneSimulator
		Debug|x64 = Debug|x64
		Debug|x86 = Debug|x86
		Release|Any CPU = Release|Any CPU
		Release|ARM = Release|ARM
		Release|iPhone = Release|iPhone
		Release|iPhoneSimulator = Release|iPhoneSimulator
		Release|x64 = Release|x64
		Release|x86 = Release|x86
	EndGlobalSection
	GlobalSection(ProjectConfigurationPlatforms) = postSolution
		{D489084D-F6DE-4169-BAE7-0B28EA95DD61}.Debug|Any CPU.ActiveCfg = Debug|x86
		{D489084D-F6DE-4169-BAE7-0B28EA95DD61}.Debug|Any CPU.Build.0 = Debug|x86
		{D489084D-F6DE-4169-BAE7-0B28EA95DD61}.Debug|Any CPU.Deploy.0 = Debug|x86
		{D489084D-F6DE-4169-BAE7-0B28EA95DD61}.Debug|ARM.ActiveCfg = Debug|ARM
		{D489084D-F6DE-4169-BAE7-0B28EA95DD61}.Debug|ARM.Build.0 = Debug|ARM
		{D489084D-F6DE-4169-BAE7-0B28EA95DD61}.Debug|ARM.Deploy.0 = Debug|ARM
		{D489084D-F6DE-4169-BAE7-0B28EA95DD61}.Debug|iPhone.ActiveCfg = Debug|x86
		{D489084D-F6DE-4169-BAE7-0B28EA95DD61}.Debug|iPhone.Build.0 = Debug|x86
		{D489084D-F6DE-4169-BAE7-0B28EA95DD61}.Debug|iPhone.Deploy.0 = Debug|x86
		{D489084D-F6DE-4169-BAE7-0B28EA95DD61}.Debug|iPhoneSimulator.ActiveCfg = Debug|x86
		{D489084D-F6DE-4169-BAE7-0B28EA95DD61}.Debug|iPhoneSimulator.Build.0 = Debug|x86
		{D489084D-F6DE-4169-BAE7-0B28EA95DD61}.Debug|iPhoneSimulator.Deploy.0 = Debug|x86
		{D489084D-F6DE-4169-BAE7-0B28EA95DD61}.Debug|x64.ActiveCfg = Debug|x64
		{D489084D-F6DE-4169-BAE7-0B28EA95DD61}.Debug|x64.Build.0 = Debug|x64
		{D489084D-F6DE-4169-BAE7-0B28EA95DD61}.Debug|x64.Deploy.0 = Debug|x64
		{D489084D-F6DE-4169-BAE7-0B28EA95DD61}.Debug|x86.ActiveCfg = Debug|x86
		{D489084D-F6DE-4169-BAE7-0B28EA95DD61}.Debug|x86.Build.0 = Debug|x86
		{D489084D-F6DE-4169-BAE7-0B28EA95DD61}.Debug|x86.Deploy.0 = Debug|x86
		{D489084D-F6DE-4169-BAE7-0B28EA95DD61}.Release|Any CPU.ActiveCfg = Release|x86
		{D489084D-F6DE-4169-BAE7-0B28EA95DD61}.Release|Any CPU.Build.0 = Release|x86
		{D489084D-F6DE-4169-BAE7-0B28EA95DD61}.Release|Any CPU.Deploy.0 = Release|x86
		{D489084D-F6DE-4169-BAE7-0B28EA95DD61}.Release|ARM.ActiveCfg = Release|ARM
		{D489084D-F6DE-4169-BAE7-0B28EA95DD61}.Release|ARM.Build.0 = Release|ARM
		{D489084D-F6DE-4169-BAE7-0B28EA95DD61}.Release|ARM.Deploy.0 = Release|ARM
		{D489084D-F6DE-4169-BAE7-0B28EA95DD61}.Release|iPhone.ActiveCfg = Release|x86
		{D489084D-F6DE-4169-BAE7-0B28EA95DD61}.Release|iPhone.Build.0 = Release|x86
		{D489084D-F6DE-4169-BAE7-0B28EA95DD61}.Release|iPhone.Deploy.0 = Release|x86
		{D489084D-F6DE-4169-BAE7-0B28EA95DD61}.Release|iPhoneSimulator.ActiveCfg = Release|x86
		{D489084D-F6DE-4169-BAE7-0B28EA95DD61}.Release|iPhoneSimulator.Build.0 = Release|x86
		{D489084D-F6DE-4169-BAE7-0B28EA95DD61}.Release|iPhoneSimulator.Deploy.0 = Release|x86
		{D489084D-F6DE-4169-BAE7-0B28EA95DD61}.Release|x64.ActiveCfg = Release|x64
		{D489084D-F6DE-4169-BAE7-0B28EA95DD61}.Release|x64.Build.0 = Release|x64
		{D489084D-F6DE-4169-BAE7-0B28EA95DD61}.Release|x64.Deploy.0 = Release|x64
		{D489084D-F6DE-4169-BAE7-0B28EA95DD61}.Release|x86.ActiveCfg = Release|x86
		{D489084D-F6DE-4169-BAE7-0B28EA95DD61}.Release|x86.Build.0 = Release|x86
		{D489084D-F6DE-4169-BAE7-0B28EA95DD61}.Release|x86.Deploy.0 = Release|x86
		{A46ECCCA-B2B7-497C-915C-5D87AECB84DC}.Debug|Any CPU.ActiveCfg = Debug|Any CPU
		{A46ECCCA-B2B7-497C-915C-5D87AECB84DC}.Debug|Any CPU.Build.0 = Debug|Any CPU
		{A46ECCCA-B2B7-497C-915C-5D87AECB84DC}.Debug|Any CPU.Deploy.0 = Debug|Any CPU
		{A46ECCCA-B2B7-497C-915C-5D87AECB84DC}.Debug|ARM.ActiveCfg = Debug|Any CPU
		{A46ECCCA-B2B7-497C-915C-5D87AECB84DC}.Debug|ARM.Build.0 = Debug|Any CPU
		{A46ECCCA-B2B7-497C-915C-5D87AECB84DC}.Debug|ARM.Deploy.0 = Debug|Any CPU
		{A46ECCCA-B2B7-497C-915C-5D87AECB84DC}.Debug|iPhone.ActiveCfg = Debug|Any CPU
		{A46ECCCA-B2B7-497C-915C-5D87AECB84DC}.Debug|iPhone.Build.0 = Debug|Any CPU
		{A46ECCCA-B2B7-497C-915C-5D87AECB84DC}.Debug|iPhone.Deploy.0 = Debug|Any CPU
		{A46ECCCA-B2B7-497C-915C-5D87AECB84DC}.Debug|iPhoneSimulator.ActiveCfg = Debug|Any CPU
		{A46ECCCA-B2B7-497C-915C-5D87AECB84DC}.Debug|iPhoneSimulator.Build.0 = Debug|Any CPU
		{A46ECCCA-B2B7-497C-915C-5D87AECB84DC}.Debug|iPhoneSimulator.Deploy.0 = Debug|Any CPU
		{A46ECCCA-B2B7-497C-915C-5D87AECB84DC}.Debug|x64.ActiveCfg = Debug|Any CPU
		{A46ECCCA-B2B7-497C-915C-5D87AECB84DC}.Debug|x64.Build.0 = Debug|Any CPU
		{A46ECCCA-B2B7-497C-915C-5D87AECB84DC}.Debug|x64.Deploy.0 = Debug|Any CPU
		{A46ECCCA-B2B7-497C-915C-5D87AECB84DC}.Debug|x86.ActiveCfg = Debug|Any CPU
		{A46ECCCA-B2B7-497C-915C-5D87AECB84DC}.Debug|x86.Build.0 = Debug|Any CPU
		{A46ECCCA-B2B7-497C-915C-5D87AECB84DC}.Debug|x86.Deploy.0 = Debug|Any CPU
		{A46ECCCA-B2B7-497C-915C-5D87AECB84DC}.Release|Any CPU.ActiveCfg = Release|Any CPU
		{A46ECCCA-B2B7-497C-915C-5D87AECB84DC}.Release|Any CPU.Build.0 = Release|Any CPU
		{A46ECCCA-B2B7-497C-915C-5D87AECB84DC}.Release|Any CPU.Deploy.0 = Release|Any CPU
		{A46ECCCA-B2B7-497C-915C-5D87AECB84DC}.Release|ARM.ActiveCfg = Release|Any CPU
		{A46ECCCA-B2B7-497C-915C-5D87AECB84DC}.Release|ARM.Build.0 = Release|Any CPU
		{A46ECCCA-B2B7-497C-915C-5D87AECB84DC}.Release|ARM.Deploy.0 = Release|Any CPU
		{A46ECCCA-B2B7-497C-915C-5D87AECB84DC}.Release|iPhone.ActiveCfg = Release|Any CPU
		{A46ECCCA-B2B7-497C-915C-5D87AECB84DC}.Release|iPhone.Build.0 = Release|Any CPU
		{A46ECCCA-B2B7-497C-915C-5D87AECB84DC}.Release|iPhone.Deploy.0 = Release|Any CPU
		{A46ECCCA-B2B7-497C-915C-5D87AECB84DC}.Release|iPhoneSimulator.ActiveCfg = Release|Any CPU
		{A46ECCCA-B2B7-497C-915C-5D87AECB84DC}.Release|iPhoneSimulator.Build.0 = Release|Any CPU
		{A46ECCCA-B2B7-497C-915C-5D87AECB84DC}.Release|iPhoneSimulator.Deploy.0 = Release|Any CPU
		{A46ECCCA-B2B7-497C-915C-5D87AECB84DC}.Release|x64.ActiveCfg = Release|Any CPU
		{A46ECCCA-B2B7-497C-915C-5D87AECB84DC}.Release|x64.Build.0 = Release|Any CPU
		{A46ECCCA-B2B7-497C-915C-5D87AECB84DC}.Release|x64.Deploy.0 = Release|Any CPU
		{A46ECCCA-B2B7-497C-915C-5D87AECB84DC}.Release|x86.ActiveCfg = Release|Any CPU
		{A46ECCCA-B2B7-497C-915C-5D87AECB84DC}.Release|x86.Build.0 = Release|Any CPU
		{A46ECCCA-B2B7-497C-915C-5D87AECB84DC}.Release|x86.Deploy.0 = Release|Any CPU
		{6D53BEA1-309F-4E2C-B407-A3665F241012}.Debug|Any CPU.ActiveCfg = Debug|iPhoneSimulator
		{6D53BEA1-309F-4E2C-B407-A3665F241012}.Debug|Any CPU.Build.0 = Debug|iPhoneSimulator
		{6D53BEA1-309F-4E2C-B407-A3665F241012}.Debug|Any CPU.Deploy.0 = Debug|iPhoneSimulator
		{6D53BEA1-309F-4E2C-B407-A3665F241012}.Debug|ARM.ActiveCfg = Debug|iPhone
		{6D53BEA1-309F-4E2C-B407-A3665F241012}.Debug|ARM.Build.0 = Debug|iPhone
		{6D53BEA1-309F-4E2C-B407-A3665F241012}.Debug|ARM.Deploy.0 = Debug|iPhone
		{6D53BEA1-309F-4E2C-B407-A3665F241012}.Debug|iPhone.ActiveCfg = Debug|iPhone
		{6D53BEA1-309F-4E2C-B407-A3665F241012}.Debug|iPhone.Build.0 = Debug|iPhone
		{6D53BEA1-309F-4E2C-B407-A3665F241012}.Debug|iPhone.Deploy.0 = Debug|iPhone
		{6D53BEA1-309F-4E2C-B407-A3665F241012}.Debug|iPhoneSimulator.ActiveCfg = Debug|iPhoneSimulator
		{6D53BEA1-309F-4E2C-B407-A3665F241012}.Debug|iPhoneSimulator.Build.0 = Debug|iPhoneSimulator
		{6D53BEA1-309F-4E2C-B407-A3665F241012}.Debug|iPhoneSimulator.Deploy.0 = Debug|iPhoneSimulator
		{6D53BEA1-309F-4E2C-B407-A3665F241012}.Debug|x64.ActiveCfg = Debug|iPhoneSimulator
		{6D53BEA1-309F-4E2C-B407-A3665F241012}.Debug|x64.Build.0 = Debug|iPhoneSimulator
		{6D53BEA1-309F-4E2C-B407-A3665F241012}.Debug|x64.Deploy.0 = Debug|iPhoneSimulator
		{6D53BEA1-309F-4E2C-B407-A3665F241012}.Debug|x86.ActiveCfg = Debug|iPhoneSimulator
		{6D53BEA1-309F-4E2C-B407-A3665F241012}.Debug|x86.Build.0 = Debug|iPhoneSimulator
		{6D53BEA1-309F-4E2C-B407-A3665F241012}.Debug|x86.Deploy.0 = Debug|iPhoneSimulator
		{6D53BEA1-309F-4E2C-B407-A3665F241012}.Release|Any CPU.ActiveCfg = Release|iPhoneSimulator
		{6D53BEA1-309F-4E2C-B407-A3665F241012}.Release|Any CPU.Build.0 = Release|iPhoneSimulator
		{6D53BEA1-309F-4E2C-B407-A3665F241012}.Release|Any CPU.Deploy.0 = Release|iPhoneSimulator
		{6D53BEA1-309F-4E2C-B407-A3665F241012}.Release|ARM.ActiveCfg = Release|iPhoneSimulator
		{6D53BEA1-309F-4E2C-B407-A3665F241012}.Release|ARM.Build.0 = Release|iPhoneSimulator
		{6D53BEA1-309F-4E2C-B407-A3665F241012}.Release|ARM.Deploy.0 = Release|iPhoneSimulator
		{6D53BEA1-309F-4E2C-B407-A3665F241012}.Release|iPhone.ActiveCfg = Release|iPhone
		{6D53BEA1-309F-4E2C-B407-A3665F241012}.Release|iPhone.Build.0 = Release|iPhone
		{6D53BEA1-309F-4E2C-B407-A3665F241012}.Release|iPhone.Deploy.0 = Release|iPhone
		{6D53BEA1-309F-4E2C-B407-A3665F241012}.Release|iPhoneSimulator.ActiveCfg = Release|iPhoneSimulator
		{6D53BEA1-309F-4E2C-B407-A3665F241012}.Release|iPhoneSimulator.Build.0 = Release|iPhoneSimulator
		{6D53BEA1-309F-4E2C-B407-A3665F241012}.Release|iPhoneSimulator.Deploy.0 = Release|iPhoneSimulator
		{6D53BEA1-309F-4E2C-B407-A3665F241012}.Release|x64.ActiveCfg = Release|iPhoneSimulator
		{6D53BEA1-309F-4E2C-B407-A3665F241012}.Release|x64.Build.0 = Release|iPhoneSimulator
		{6D53BEA1-309F-4E2C-B407-A3665F241012}.Release|x64.Deploy.0 = Release|iPhoneSimulator
		{6D53BEA1-309F-4E2C-B407-A3665F241012}.Release|x86.ActiveCfg = Release|iPhoneSimulator
		{6D53BEA1-309F-4E2C-B407-A3665F241012}.Release|x86.Build.0 = Release|iPhoneSimulator
		{6D53BEA1-309F-4E2C-B407-A3665F241012}.Release|x86.Deploy.0 = Release|iPhoneSimulator
		{8016BEDB-7966-48BE-B473-9BA4A3D196BF}.Debug|Any CPU.ActiveCfg = Debug|Any CPU
		{8016BEDB-7966-48BE-B473-9BA4A3D196BF}.Debug|Any CPU.Build.0 = Debug|Any CPU
		{8016BEDB-7966-48BE-B473-9BA4A3D196BF}.Debug|Any CPU.Deploy.0 = Debug|Any CPU
		{8016BEDB-7966-48BE-B473-9BA4A3D196BF}.Debug|ARM.ActiveCfg = Debug|Any CPU
		{8016BEDB-7966-48BE-B473-9BA4A3D196BF}.Debug|ARM.Build.0 = Debug|Any CPU
		{8016BEDB-7966-48BE-B473-9BA4A3D196BF}.Debug|ARM.Deploy.0 = Debug|Any CPU
		{8016BEDB-7966-48BE-B473-9BA4A3D196BF}.Debug|iPhone.ActiveCfg = Debug|Any CPU
		{8016BEDB-7966-48BE-B473-9BA4A3D196BF}.Debug|iPhone.Build.0 = Debug|Any CPU
		{8016BEDB-7966-48BE-B473-9BA4A3D196BF}.Debug|iPhone.Deploy.0 = Debug|Any CPU
		{8016BEDB-7966-48BE-B473-9BA4A3D196BF}.Debug|iPhoneSimulator.ActiveCfg = Debug|Any CPU
		{8016BEDB-7966-48BE-B473-9BA4A3D196BF}.Debug|iPhoneSimulator.Build.0 = Debug|Any CPU
		{8016BEDB-7966-48BE-B473-9BA4A3D196BF}.Debug|iPhoneSimulator.Deploy.0 = Debug|Any CPU
		{8016BEDB-7966-48BE-B473-9BA4A3D196BF}.Debug|x64.ActiveCfg = Debug|Any CPU
		{8016BEDB-7966-48BE-B473-9BA4A3D196BF}.Debug|x64.Build.0 = Debug|Any CPU
		{8016BEDB-7966-48BE-B473-9BA4A3D196BF}.Debug|x64.Deploy.0 = Debug|Any CPU
		{8016BEDB-7966-48BE-B473-9BA4A3D196BF}.Debug|x86.ActiveCfg = Debug|Any CPU
		{8016BEDB-7966-48BE-B473-9BA4A3D196BF}.Debug|x86.Build.0 = Debug|Any CPU
		{8016BEDB-7966-48BE-B473-9BA4A3D196BF}.Debug|x86.Deploy.0 = Debug|Any CPU
		{8016BEDB-7966-48BE-B473-9BA4A3D196BF}.Release|Any CPU.ActiveCfg = Release|Any CPU
		{8016BEDB-7966-48BE-B473-9BA4A3D196BF}.Release|Any CPU.Build.0 = Release|Any CPU
		{8016BEDB-7966-48BE-B473-9BA4A3D196BF}.Release|Any CPU.Deploy.0 = Release|Any CPU
		{8016BEDB-7966-48BE-B473-9BA4A3D196BF}.Release|ARM.ActiveCfg = Release|Any CPU
		{8016BEDB-7966-48BE-B473-9BA4A3D196BF}.Release|ARM.Build.0 = Release|Any CPU
		{8016BEDB-7966-48BE-B473-9BA4A3D196BF}.Release|ARM.Deploy.0 = Release|Any CPU
		{8016BEDB-7966-48BE-B473-9BA4A3D196BF}.Release|iPhone.ActiveCfg = Release|Any CPU
		{8016BEDB-7966-48BE-B473-9BA4A3D196BF}.Release|iPhone.Build.0 = Release|Any CPU
		{8016BEDB-7966-48BE-B473-9BA4A3D196BF}.Release|iPhone.Deploy.0 = Release|Any CPU
		{8016BEDB-7966-48BE-B473-9BA4A3D196BF}.Release|iPhoneSimulator.ActiveCfg = Release|Any CPU
		{8016BEDB-7966-48BE-B473-9BA4A3D196BF}.Release|iPhoneSimulator.Build.0 = Release|Any CPU
		{8016BEDB-7966-48BE-B473-9BA4A3D196BF}.Release|iPhoneSimulator.Deploy.0 = Release|Any CPU
		{8016BEDB-7966-48BE-B473-9BA4A3D196BF}.Release|x64.ActiveCfg = Release|Any CPU
		{8016BEDB-7966-48BE-B473-9BA4A3D196BF}.Release|x64.Build.0 = Release|Any CPU
		{8016BEDB-7966-48BE-B473-9BA4A3D196BF}.Release|x64.Deploy.0 = Release|Any CPU
		{8016BEDB-7966-48BE-B473-9BA4A3D196BF}.Release|x86.ActiveCfg = Release|Any CPU
		{8016BEDB-7966-48BE-B473-9BA4A3D196BF}.Release|x86.Build.0 = Release|Any CPU
		{8016BEDB-7966-48BE-B473-9BA4A3D196BF}.Release|x86.Deploy.0 = Release|Any CPU
	EndGlobalSection
	GlobalSection(SolutionProperties) = preSolution
		HideSolutionNode = FALSE
	EndGlobalSection
	GlobalSection(ExtensibilityGlobals) = postSolution
		SolutionGuid = {BA3AEFB9-EB75-4FE2-8AF6-DFE3A208D564}
	EndGlobalSection
EndGlobal
